
Microsoft Visual Studio Solution File, Format Version 12.00
# Visual Studio Version 17
VisualStudioVersion = 17.8.34330.188
MinimumVisualStudioVersion = 10.0.40219.1
Project("{FAE04EC0-301F-11D3-BF4B-00C04F79EFBC}") = "TURİZM_ACENTESI_SISTEMI_(TAS)", "TURİZM_ACENTESI_SISTEMI_(TAS)\TURİZM_ACENTESI_SISTEMI_(TAS).csproj", "{D1FDEFB3-FE8C-4E33-AD2F-ADD7DBE02A7B}"
EndProject
Global
	GlobalSection(SolutionConfigurationPlatforms) = preSolution
		Debug|Any CPU = Debug|Any CPU
		Release|Any CPU = Release|Any CPU
	EndGlobalSection
	GlobalSection(ProjectConfigurationPlatforms) = postSolution
		{D1FDEFB3-FE8C-4E33-AD2F-ADD7DBE02A7B}.Debug|Any CPU.ActiveCfg = Debug|Any CPU
		{D1FDEFB3-FE8C-4E33-AD2F-ADD7DBE02A7B}.Debug|Any CPU.Build.0 = Debug|Any CPU
		{D1FDEFB3-FE8C-4E33-AD2F-ADD7DBE02A7B}.Release|Any CPU.ActiveCfg = Release|Any CPU
		{D1FDEFB3-FE8C-4E33-AD2F-ADD7DBE02A7B}.Release|Any CPU.Build.0 = Release|Any CPU
	EndGlobalSection
	GlobalSection(SolutionProperties) = preSolution
		HideSolutionNode = FALSE
	EndGlobalSection
	GlobalSection(ExtensibilityGlobals) = postSolution
		SolutionGuid = {1D88F7AC-4512-4282-89BD-1B12DA01A351}
	EndGlobalSection
EndGlobal
