
Microsoft Visual Studio Solution File, Format Version 12.00
# Visual Studio Version 17
VisualStudioVersion = 17.8.34330.188
MinimumVisualStudioVersion = 10.0.40219.1
Project("{FAE04EC0-301F-11D3-BF4B-00C04F79EFBC}") = "sayisallotoprogrami", "sayisallotoprogrami\sayisallotoprogrami.csproj", "{007E0631-C203-483B-9A00-E1E84D2A2668}"
EndProject
Global
	GlobalSection(SolutionConfigurationPlatforms) = preSolution
		Debug|Any CPU = Debug|Any CPU
		Release|Any CPU = Release|Any CPU
	EndGlobalSection
	GlobalSection(ProjectConfigurationPlatforms) = postSolution
		{007E0631-C203-483B-9A00-E1E84D2A2668}.Debug|Any CPU.ActiveCfg = Debug|Any CPU
		{007E0631-C203-483B-9A00-E1E84D2A2668}.Debug|Any CPU.Build.0 = Debug|Any CPU
		{007E0631-C203-483B-9A00-E1E84D2A2668}.Release|Any CPU.ActiveCfg = Release|Any CPU
		{007E0631-C203-483B-9A00-E1E84D2A2668}.Release|Any CPU.Build.0 = Release|Any CPU
	EndGlobalSection
	GlobalSection(SolutionProperties) = preSolution
		HideSolutionNode = FALSE
	EndGlobalSection
	GlobalSection(ExtensibilityGlobals) = postSolution
		SolutionGuid = {41F0CE2A-3182-4172-BE3D-9627E5DCAC0D}
	EndGlobalSection
EndGlobal
