
Microsoft Visual Studio Solution File, Format Version 12.00
# Visual Studio Version 17
VisualStudioVersion = 17.8.34330.188
MinimumVisualStudioVersion = 10.0.40219.1
Project("{FAE04EC0-301F-11D3-BF4B-00C04F79EFBC}") = "metintersinecevir", "metintersinecevir\metintersinecevir.csproj", "{579D6821-EA3A-4FFC-8765-ECC9999450B0}"
EndProject
Global
	GlobalSection(SolutionConfigurationPlatforms) = preSolution
		Debug|Any CPU = Debug|Any CPU
		Release|Any CPU = Release|Any CPU
	EndGlobalSection
	GlobalSection(ProjectConfigurationPlatforms) = postSolution
		{579D6821-EA3A-4FFC-8765-ECC9999450B0}.Debug|Any CPU.ActiveCfg = Debug|Any CPU
		{579D6821-EA3A-4FFC-8765-ECC9999450B0}.Debug|Any CPU.Build.0 = Debug|Any CPU
		{579D6821-EA3A-4FFC-8765-ECC9999450B0}.Release|Any CPU.ActiveCfg = Release|Any CPU
		{579D6821-EA3A-4FFC-8765-ECC9999450B0}.Release|Any CPU.Build.0 = Release|Any CPU
	EndGlobalSection
	GlobalSection(SolutionProperties) = preSolution
		HideSolutionNode = FALSE
	EndGlobalSection
	GlobalSection(ExtensibilityGlobals) = postSolution
		SolutionGuid = {85CA5CA2-1724-4703-99DA-9A082363A322}
	EndGlobalSection
EndGlobal
